
Microsoft Visual Studio Solution File, Format Version 12.00
# Visual Studio Version 16
VisualStudioVersion = 16.0.34729.46
MinimumVisualStudioVersion = 10.0.40219.1
Project("{2150E333-8FDC-42A3-9474-1A3956D46DE8}") = "Task0", "Task0", "{E93F83C1-A00D-4AB6-B46D-F3532135755B}"
EndProject
Project("{FAE04EC0-301F-11D3-BF4B-00C04F79EFBC}") = "Tyuiu.NedospasovaAE.Sprint6.Task0.V30.Lib", "Tyuiu.NedospasovaAE.Sprint6.Task0.V30.Lib\Tyuiu.NedospasovaAE.Sprint6.Task0.V30.Lib.csproj", "{F8B1A7E1-AC07-4A47-B0AF-2BEA6C288C69}"
EndProject
Project("{FAE04EC0-301F-11D3-BF4B-00C04F79EFBC}") = "Tyuiu.NedospasovaAE.Sprint6.Task0.V30.Test", "Tyuiu.NedospasovaAE.Sprint6.Task0.V30.Test\Tyuiu.NedospasovaAE.Sprint6.Task0.V30.Test.csproj", "{23FC0B41-5980-4684-B19C-A6CF7A910276}"
EndProject
Project("{FAE04EC0-301F-11D3-BF4B-00C04F79EFBC}") = "Tyuiu.NedospasovaAE.Sprint6.Task0.V30", "Tyuiu.NedospasovaAE.Sprint6.Task0.V30\Tyuiu.NedospasovaAE.Sprint6.Task0.V30.csproj", "{D3554B55-F876-475A-80C2-C564915449AB}"
EndProject
Project("{2150E333-8FDC-42A3-9474-1A3956D46DE8}") = "Task1", "Task1", "{07A65916-7B25-472F-873B-E96A2F893045}"
EndProject
Project("{FAE04EC0-301F-11D3-BF4B-00C04F79EFBC}") = "Tyuiu.NedospasovaAE.Sprint6.Task1.V13.Test", "Tyuiu.NedospasovaAE.Sprint6.Task1.V13.Test\Tyuiu.NedospasovaAE.Sprint6.Task1.V13.Test.csproj", "{ADC6236D-9B33-41F7-B23B-6D3B35F77043}"
EndProject
Project("{FAE04EC0-301F-11D3-BF4B-00C04F79EFBC}") = "Tyuiu.NedospasovaAE.Sprint6.Task1.V13.Lib", "Tyuiu.NedospasovaAE.Sprint6.Task1.V13.Lib\Tyuiu.NedospasovaAE.Sprint6.Task1.V13.Lib.csproj", "{090F3561-D0B0-435F-9DE1-3B975FF72967}"
EndProject
Project("{FAE04EC0-301F-11D3-BF4B-00C04F79EFBC}") = "Tyuiu.NedospasovaAE.Sprint6.Task1.V13", "Tyuiu.NedospasovaAE.Sprint6.Task1.V13\Tyuiu.NedospasovaAE.Sprint6.Task1.V13.csproj", "{62A32808-D8B8-466B-8514-C2D4A2F0A255}"
EndProject
Project("{2150E333-8FDC-42A3-9474-1A3956D46DE8}") = "Task2", "Task2", "{53626579-28BC-495D-980E-22579650441E}"
EndProject
Project("{FAE04EC0-301F-11D3-BF4B-00C04F79EFBC}") = "Tyuiu.NedospasovaAE.Sprint6.Task2.V4.Lib", "Tyuiu.NedospasovaAE.Sprint6.Task2.V4.Lib\Tyuiu.NedospasovaAE.Sprint6.Task2.V4.Lib.csproj", "{688A0999-A72A-4D28-A1D7-E6342FC13164}"
EndProject
Project("{FAE04EC0-301F-11D3-BF4B-00C04F79EFBC}") = "Tyuiu.NedospasovaAE.Sprint6.Task2.V4.Test", "Tyuiu.NedospasovaAE.Sprint6.Task2.V4.Test\Tyuiu.NedospasovaAE.Sprint6.Task2.V4.Test.csproj", "{CE972C5A-9DBB-4B1A-831D-5653BDDEE0B6}"
EndProject
Project("{FAE04EC0-301F-11D3-BF4B-00C04F79EFBC}") = "Tyuiu.NedospasovaAE.Sprint6.Task2.V4", "Tyuiu.NedospasovaAE.Sprint6.Task2.V4\Tyuiu.NedospasovaAE.Sprint6.Task2.V4.csproj", "{0E4C700B-8E07-41B8-BB39-FFAD65239E9B}"
EndProject
Project("{2150E333-8FDC-42A3-9474-1A3956D46DE8}") = "Task3", "Task3", "{8C5C3B61-CBCF-4F7A-81E0-6E5A124EA9DD}"
EndProject
Project("{FAE04EC0-301F-11D3-BF4B-00C04F79EFBC}") = "Tyuiu.NedospasovaAE.Sprint6.Task3.V25.Test", "Tyuiu.NedospasovaAE.Sprint6.Task3.V25.Test\Tyuiu.NedospasovaAE.Sprint6.Task3.V25.Test.csproj", "{FAEAE7F6-F398-44E9-9E1D-D8F3744DEDF2}"
EndProject
Project("{FAE04EC0-301F-11D3-BF4B-00C04F79EFBC}") = "Tyuiu.NedospasovaAE.Sprint6.Task3.V25.Lib", "Tyuiu.NedospasovaAE.Sprint6.Task3.V25.Lib\Tyuiu.NedospasovaAE.Sprint6.Task3.V25.Lib.csproj", "{82000C1A-9A80-475B-85F7-97EBA9ED086C}"
EndProject
Project("{FAE04EC0-301F-11D3-BF4B-00C04F79EFBC}") = "Tyuiu.NedospasovaAE.Sprint6.Task3.V25", "Tyuiu.NedospasovaAE.Sprint6.Task3.V25\Tyuiu.NedospasovaAE.Sprint6.Task3.V25.csproj", "{EC04D54B-6EF9-4934-85FE-CE51AEDE8639}"
EndProject
Global
	GlobalSection(SolutionConfigurationPlatforms) = preSolution
		Debug|Any CPU = Debug|Any CPU
		Release|Any CPU = Release|Any CPU
	EndGlobalSection
	GlobalSection(ProjectConfigurationPlatforms) = postSolution
		{F8B1A7E1-AC07-4A47-B0AF-2BEA6C288C69}.Debug|Any CPU.ActiveCfg = Debug|Any CPU
		{F8B1A7E1-AC07-4A47-B0AF-2BEA6C288C69}.Debug|Any CPU.Build.0 = Debug|Any CPU
		{F8B1A7E1-AC07-4A47-B0AF-2BEA6C288C69}.Release|Any CPU.ActiveCfg = Release|Any CPU
		{F8B1A7E1-AC07-4A47-B0AF-2BEA6C288C69}.Release|Any CPU.Build.0 = Release|Any CPU
		{23FC0B41-5980-4684-B19C-A6CF7A910276}.Debug|Any CPU.ActiveCfg = Debug|Any CPU
		{23FC0B41-5980-4684-B19C-A6CF7A910276}.Debug|Any CPU.Build.0 = Debug|Any CPU
		{23FC0B41-5980-4684-B19C-A6CF7A910276}.Release|Any CPU.ActiveCfg = Release|Any CPU
		{23FC0B41-5980-4684-B19C-A6CF7A910276}.Release|Any CPU.Build.0 = Release|Any CPU
		{D3554B55-F876-475A-80C2-C564915449AB}.Debug|Any CPU.ActiveCfg = Debug|Any CPU
		{D3554B55-F876-475A-80C2-C564915449AB}.Debug|Any CPU.Build.0 = Debug|Any CPU
		{D3554B55-F876-475A-80C2-C564915449AB}.Release|Any CPU.ActiveCfg = Release|Any CPU
		{D3554B55-F876-475A-80C2-C564915449AB}.Release|Any CPU.Build.0 = Release|Any CPU
		{ADC6236D-9B33-41F7-B23B-6D3B35F77043}.Debug|Any CPU.ActiveCfg = Debug|Any CPU
		{ADC6236D-9B33-41F7-B23B-6D3B35F77043}.Debug|Any CPU.Build.0 = Debug|Any CPU
		{ADC6236D-9B33-41F7-B23B-6D3B35F77043}.Release|Any CPU.ActiveCfg = Release|Any CPU
		{ADC6236D-9B33-41F7-B23B-6D3B35F77043}.Release|Any CPU.Build.0 = Release|Any CPU
		{090F3561-D0B0-435F-9DE1-3B975FF72967}.Debug|Any CPU.ActiveCfg = Debug|Any CPU
		{090F3561-D0B0-435F-9DE1-3B975FF72967}.Debug|Any CPU.Build.0 = Debug|Any CPU
		{090F3561-D0B0-435F-9DE1-3B975FF72967}.Release|Any CPU.ActiveCfg = Release|Any CPU
		{090F3561-D0B0-435F-9DE1-3B975FF72967}.Release|Any CPU.Build.0 = Release|Any CPU
		{62A32808-D8B8-466B-8514-C2D4A2F0A255}.Debug|Any CPU.ActiveCfg = Debug|Any CPU
		{62A32808-D8B8-466B-8514-C2D4A2F0A255}.Debug|Any CPU.Build.0 = Debug|Any CPU
		{62A32808-D8B8-466B-8514-C2D4A2F0A255}.Release|Any CPU.ActiveCfg = Release|Any CPU
		{62A32808-D8B8-466B-8514-C2D4A2F0A255}.Release|Any CPU.Build.0 = Release|Any CPU
		{688A0999-A72A-4D28-A1D7-E6342FC13164}.Debug|Any CPU.ActiveCfg = Debug|Any CPU
		{688A0999-A72A-4D28-A1D7-E6342FC13164}.Debug|Any CPU.Build.0 = Debug|Any CPU
		{688A0999-A72A-4D28-A1D7-E6342FC13164}.Release|Any CPU.ActiveCfg = Release|Any CPU
		{688A0999-A72A-4D28-A1D7-E6342FC13164}.Release|Any CPU.Build.0 = Release|Any CPU
		{CE972C5A-9DBB-4B1A-831D-5653BDDEE0B6}.Debug|Any CPU.ActiveCfg = Debug|Any CPU
		{CE972C5A-9DBB-4B1A-831D-5653BDDEE0B6}.Debug|Any CPU.Build.0 = Debug|Any CPU
		{CE972C5A-9DBB-4B1A-831D-5653BDDEE0B6}.Release|Any CPU.ActiveCfg = Release|Any CPU
		{CE972C5A-9DBB-4B1A-831D-5653BDDEE0B6}.Release|Any CPU.Build.0 = Release|Any CPU
		{0E4C700B-8E07-41B8-BB39-FFAD65239E9B}.Debug|Any CPU.ActiveCfg = Debug|Any CPU
		{0E4C700B-8E07-41B8-BB39-FFAD65239E9B}.Debug|Any CPU.Build.0 = Debug|Any CPU
		{0E4C700B-8E07-41B8-BB39-FFAD65239E9B}.Release|Any CPU.ActiveCfg = Release|Any CPU
		{0E4C700B-8E07-41B8-BB39-FFAD65239E9B}.Release|Any CPU.Build.0 = Release|Any CPU
		{FAEAE7F6-F398-44E9-9E1D-D8F3744DEDF2}.Debug|Any CPU.ActiveCfg = Debug|Any CPU
		{FAEAE7F6-F398-44E9-9E1D-D8F3744DEDF2}.Debug|Any CPU.Build.0 = Debug|Any CPU
		{FAEAE7F6-F398-44E9-9E1D-D8F3744DEDF2}.Release|Any CPU.ActiveCfg = Release|Any CPU
		{FAEAE7F6-F398-44E9-9E1D-D8F3744DEDF2}.Release|Any CPU.Build.0 = Release|Any CPU
		{82000C1A-9A80-475B-85F7-97EBA9ED086C}.Debug|Any CPU.ActiveCfg = Debug|Any CPU
		{82000C1A-9A80-475B-85F7-97EBA9ED086C}.Debug|Any CPU.Build.0 = Debug|Any CPU
		{82000C1A-9A80-475B-85F7-97EBA9ED086C}.Release|Any CPU.ActiveCfg = Release|Any CPU
		{82000C1A-9A80-475B-85F7-97EBA9ED086C}.Release|Any CPU.Build.0 = Release|Any CPU
		{EC04D54B-6EF9-4934-85FE-CE51AEDE8639}.Debug|Any CPU.ActiveCfg = Debug|Any CPU
		{EC04D54B-6EF9-4934-85FE-CE51AEDE8639}.Debug|Any CPU.Build.0 = Debug|Any CPU
		{EC04D54B-6EF9-4934-85FE-CE51AEDE8639}.Release|Any CPU.ActiveCfg = Release|Any CPU
		{EC04D54B-6EF9-4934-85FE-CE51AEDE8639}.Release|Any CPU.Build.0 = Release|Any CPU
	EndGlobalSection
	GlobalSection(SolutionProperties) = preSolution
		HideSolutionNode = FALSE
	EndGlobalSection
	GlobalSection(NestedProjects) = preSolution
		{F8B1A7E1-AC07-4A47-B0AF-2BEA6C288C69} = {E93F83C1-A00D-4AB6-B46D-F3532135755B}
		{23FC0B41-5980-4684-B19C-A6CF7A910276} = {E93F83C1-A00D-4AB6-B46D-F3532135755B}
		{D3554B55-F876-475A-80C2-C564915449AB} = {E93F83C1-A00D-4AB6-B46D-F3532135755B}
		{ADC6236D-9B33-41F7-B23B-6D3B35F77043} = {07A65916-7B25-472F-873B-E96A2F893045}
		{090F3561-D0B0-435F-9DE1-3B975FF72967} = {07A65916-7B25-472F-873B-E96A2F893045}
		{62A32808-D8B8-466B-8514-C2D4A2F0A255} = {07A65916-7B25-472F-873B-E96A2F893045}
		{688A0999-A72A-4D28-A1D7-E6342FC13164} = {53626579-28BC-495D-980E-22579650441E}
		{CE972C5A-9DBB-4B1A-831D-5653BDDEE0B6} = {53626579-28BC-495D-980E-22579650441E}
		{0E4C700B-8E07-41B8-BB39-FFAD65239E9B} = {53626579-28BC-495D-980E-22579650441E}
		{FAEAE7F6-F398-44E9-9E1D-D8F3744DEDF2} = {8C5C3B61-CBCF-4F7A-81E0-6E5A124EA9DD}
		{82000C1A-9A80-475B-85F7-97EBA9ED086C} = {8C5C3B61-CBCF-4F7A-81E0-6E5A124EA9DD}
		{EC04D54B-6EF9-4934-85FE-CE51AEDE8639} = {8C5C3B61-CBCF-4F7A-81E0-6E5A124EA9DD}
	EndGlobalSection
	GlobalSection(ExtensibilityGlobals) = postSolution
		SolutionGuid = {D76B924E-279F-4FD7-B7AC-9FA24F48ACD2}
	EndGlobalSection
EndGlobal
