
Microsoft Visual Studio Solution File, Format Version 12.00
# Visual Studio Version 16
VisualStudioVersion = 16.0.34729.46
MinimumVisualStudioVersion = 10.0.40219.1
Project("{2150E333-8FDC-42A3-9474-1A3956D46DE8}") = "Task0", "Task0", "{E93F83C1-A00D-4AB6-B46D-F3532135755B}"
EndProject
Project("{FAE04EC0-301F-11D3-BF4B-00C04F79EFBC}") = "Tyuiu.NedospasovaAE.Sprint6.Task0.V30.Lib", "Tyuiu.NedospasovaAE.Sprint6.Task0.V30.Lib\Tyuiu.NedospasovaAE.Sprint6.Task0.V30.Lib.csproj", "{F8B1A7E1-AC07-4A47-B0AF-2BEA6C288C69}"
EndProject
Project("{FAE04EC0-301F-11D3-BF4B-00C04F79EFBC}") = "Tyuiu.NedospasovaAE.Sprint6.Task0.V30.Test", "Tyuiu.NedospasovaAE.Sprint6.Task0.V30.Test\Tyuiu.NedospasovaAE.Sprint6.Task0.V30.Test.csproj", "{23FC0B41-5980-4684-B19C-A6CF7A910276}"
EndProject
Project("{FAE04EC0-301F-11D3-BF4B-00C04F79EFBC}") = "Tyuiu.NedospasovaAE.Sprint6.Task0.V30", "Tyuiu.NedospasovaAE.Sprint6.Task0.V30\Tyuiu.NedospasovaAE.Sprint6.Task0.V30.csproj", "{D3554B55-F876-475A-80C2-C564915449AB}"
EndProject
Project("{2150E333-8FDC-42A3-9474-1A3956D46DE8}") = "Task1", "Task1", "{07A65916-7B25-472F-873B-E96A2F893045}"
EndProject
Project("{FAE04EC0-301F-11D3-BF4B-00C04F79EFBC}") = "Tyuiu.NedospasovaAE.Sprint6.Task1.V13.Test", "Tyuiu.NedospasovaAE.Sprint6.Task1.V13.Test\Tyuiu.NedospasovaAE.Sprint6.Task1.V13.Test.csproj", "{ADC6236D-9B33-41F7-B23B-6D3B35F77043}"
EndProject
Project("{FAE04EC0-301F-11D3-BF4B-00C04F79EFBC}") = "Tyuiu.NedospasovaAE.Sprint6.Task1.V13.Lib", "Tyuiu.NedospasovaAE.Sprint6.Task1.V13.Lib\Tyuiu.NedospasovaAE.Sprint6.Task1.V13.Lib.csproj", "{090F3561-D0B0-435F-9DE1-3B975FF72967}"
EndProject
Project("{FAE04EC0-301F-11D3-BF4B-00C04F79EFBC}") = "Tyuiu.NedospasovaAE.Sprint6.Task1.V13", "Tyuiu.NedospasovaAE.Sprint6.Task1.V13\Tyuiu.NedospasovaAE.Sprint6.Task1.V13.csproj", "{62A32808-D8B8-466B-8514-C2D4A2F0A255}"
EndProject
Project("{2150E333-8FDC-42A3-9474-1A3956D46DE8}") = "Task2", "Task2", "{53626579-28BC-495D-980E-22579650441E}"
EndProject
Project("{FAE04EC0-301F-11D3-BF4B-00C04F79EFBC}") = "Tyuiu.NedospasovaAE.Sprint6.Task2.V4.Lib", "Tyuiu.NedospasovaAE.Sprint6.Task2.V4.Lib\Tyuiu.NedospasovaAE.Sprint6.Task2.V4.Lib.csproj", "{688A0999-A72A-4D28-A1D7-E6342FC13164}"
EndProject
Project("{FAE04EC0-301F-11D3-BF4B-00C04F79EFBC}") = "Tyuiu.NedospasovaAE.Sprint6.Task2.V4.Test", "Tyuiu.NedospasovaAE.Sprint6.Task2.V4.Test\Tyuiu.NedospasovaAE.Sprint6.Task2.V4.Test.csproj", "{CE972C5A-9DBB-4B1A-831D-5653BDDEE0B6}"
EndProject
Project("{FAE04EC0-301F-11D3-BF4B-00C04F79EFBC}") = "Tyuiu.NedospasovaAE.Sprint6.Task2.V4", "Tyuiu.NedospasovaAE.Sprint6.Task2.V4\Tyuiu.NedospasovaAE.Sprint6.Task2.V4.csproj", "{0E4C700B-8E07-41B8-BB39-FFAD65239E9B}"
EndProject
Project("{2150E333-8FDC-42A3-9474-1A3956D46DE8}") = "Task3", "Task3", "{8C5C3B61-CBCF-4F7A-81E0-6E5A124EA9DD}"
EndProject
Project("{FAE04EC0-301F-11D3-BF4B-00C04F79EFBC}") = "Tyuiu.NedospasovaAE.Sprint6.Task3.V25.Test", "Tyuiu.NedospasovaAE.Sprint6.Task3.V25.Test\Tyuiu.NedospasovaAE.Sprint6.Task3.V25.Test.csproj", "{FAEAE7F6-F398-44E9-9E1D-D8F3744DEDF2}"
EndProject
Project("{FAE04EC0-301F-11D3-BF4B-00C04F79EFBC}") = "Tyuiu.NedospasovaAE.Sprint6.Task3.V25.Lib", "Tyuiu.NedospasovaAE.Sprint6.Task3.V25.Lib\Tyuiu.NedospasovaAE.Sprint6.Task3.V25.Lib.csproj", "{82000C1A-9A80-475B-85F7-97EBA9ED086C}"
EndProject
Project("{FAE04EC0-301F-11D3-BF4B-00C04F79EFBC}") = "Tyuiu.NedospasovaAE.Sprint6.Task3.V25", "Tyuiu.NedospasovaAE.Sprint6.Task3.V25\Tyuiu.NedospasovaAE.Sprint6.Task3.V25.csproj", "{EC04D54B-6EF9-4934-85FE-CE51AEDE8639}"
EndProject
Project("{2150E333-8FDC-42A3-9474-1A3956D46DE8}") = "Task4", "Task4", "{BAB989B7-9CCE-4115-943D-9DFE527217CA}"
EndProject
Project("{FAE04EC0-301F-11D3-BF4B-00C04F79EFBC}") = "Tyuiu.NedospasovaAE.Sprint6.Task4.V4.Lib", "Tyuiu.NedospasovaAE.Sprint6.Task4.V4.Lib\Tyuiu.NedospasovaAE.Sprint6.Task4.V4.Lib.csproj", "{35AAE58F-40DF-4FFB-8809-30C810D450EB}"
EndProject
Project("{FAE04EC0-301F-11D3-BF4B-00C04F79EFBC}") = "Tyuiu.NedospasovaAE.Sprint6.Task4.V4.Test", "Tyuiu.NedospasovaAE.Sprint6.Task4.V4.Test\Tyuiu.NedospasovaAE.Sprint6.Task4.V4.Test.csproj", "{C30B2DD5-AF95-4C0D-AE65-A3C84414FDEE}"
EndProject
Project("{FAE04EC0-301F-11D3-BF4B-00C04F79EFBC}") = "Tyuiu.NedospasovaAE.Sprint6.Task4.V4", "Tyuiu.NedospasovaAE.Sprint6.Task4.V4\Tyuiu.NedospasovaAE.Sprint6.Task4.V4.csproj", "{9408E0E4-711D-4384-92FB-8C45F9E91833}"
EndProject
Project("{2150E333-8FDC-42A3-9474-1A3956D46DE8}") = "Task5", "Task5", "{800B5437-7385-4148-81D7-0C37102EEDF4}"
EndProject
Project("{FAE04EC0-301F-11D3-BF4B-00C04F79EFBC}") = "Tyuiu.NedospasovaAE.Sprint6.Task5.V5.Test", "Tyuiu.NedospasovaAE.Sprint6.Task5.V5.Test\Tyuiu.NedospasovaAE.Sprint6.Task5.V5.Test.csproj", "{C714D585-C8B7-4A16-944D-B7101E7F0EF7}"
EndProject
Project("{FAE04EC0-301F-11D3-BF4B-00C04F79EFBC}") = "Tyuiu.NedospasovaAE.Sprint6.Task5.V5.Lib", "Tyuiu.NedospasovaAE.Sprint6.Task5.V5.Lib\Tyuiu.NedospasovaAE.Sprint6.Task5.V5.Lib.csproj", "{1DF6A8E1-390D-474F-B34F-24A463219494}"
EndProject
Project("{FAE04EC0-301F-11D3-BF4B-00C04F79EFBC}") = "Tyuiu.NedospasovaAE.Sprint6.Task5.V5", "Tyuiu.NedospasovaAE.Sprint6.Task5.V5\Tyuiu.NedospasovaAE.Sprint6.Task5.V5.csproj", "{F6AA453B-6CF0-40D4-A1A0-8E8ECBE1975C}"
EndProject
Project("{2150E333-8FDC-42A3-9474-1A3956D46DE8}") = "Task6", "Task6", "{12D6579A-D026-44F0-AEC3-899A4CF6AE6B}"
EndProject
Project("{FAE04EC0-301F-11D3-BF4B-00C04F79EFBC}") = "Tyuiu.NedospasovaAE.Sprint6.Task6.V20.Lib", "Tyuiu.NedospasovaAE.Sprint6.Task6.V20.Lib\Tyuiu.NedospasovaAE.Sprint6.Task6.V20.Lib.csproj", "{3D4F5239-8E1A-47DB-A853-36F6EE9A451B}"
EndProject
Project("{FAE04EC0-301F-11D3-BF4B-00C04F79EFBC}") = "Tyuiu.NedospasovaAE.Sprint6.Task6.V20.Test", "Tyuiu.NedospasovaAE.Sprint6.Task6.V20.Test\Tyuiu.NedospasovaAE.Sprint6.Task6.V20.Test.csproj", "{5E3373DB-8D53-412C-8DB9-B6A2FCE06390}"
EndProject
Project("{FAE04EC0-301F-11D3-BF4B-00C04F79EFBC}") = "Tyuiu.NedospasovaAE.Sprint6.Task6.V20", "Tyuiu.NedospasovaAE.Sprint6.Task6.V20\Tyuiu.NedospasovaAE.Sprint6.Task6.V20.csproj", "{DB66E280-F65B-48FE-84F5-9186E996D8B6}"
EndProject
Project("{2150E333-8FDC-42A3-9474-1A3956D46DE8}") = "Task7", "Task7", "{F9B19BE2-5694-4831-B78D-F479573C8AE9}"
EndProject
Project("{FAE04EC0-301F-11D3-BF4B-00C04F79EFBC}") = "Tyuiu.NedospasovaAE.Sprint6.Task7.V19.Test", "Tyuiu.NedospasovaAE.Sprint6.Task7.V19.Test\Tyuiu.NedospasovaAE.Sprint6.Task7.V19.Test.csproj", "{B5D0E346-7E4E-4A73-95E7-833A5902027F}"
EndProject
Project("{FAE04EC0-301F-11D3-BF4B-00C04F79EFBC}") = "Tyuiu.NedospasovaAE.Sprint6.Task7.V19.Lib", "Tyuiu.NedospasovaAE.Sprint6.Task7.V19.Lib\Tyuiu.NedospasovaAE.Sprint6.Task7.V19.Lib.csproj", "{CEAE259F-4507-46FB-9440-906649ABCD97}"
EndProject
Project("{FAE04EC0-301F-11D3-BF4B-00C04F79EFBC}") = "Tyuiu.NedospasovaAE.Sprint6.Task7.V19", "Tyuiu.NedospasovaAE.Sprint6.Task7.V19\Tyuiu.NedospasovaAE.Sprint6.Task7.V19.csproj", "{E2589561-85CE-4C79-A63F-64DADCBFC16B}"
EndProject
Project("{2150E333-8FDC-42A3-9474-1A3956D46DE8}") = "TaskReview", "TaskReview", "{A2D96A17-5DAA-43A7-B7AA-087B0CA91C52}"
EndProject
Project("{FAE04EC0-301F-11D3-BF4B-00C04F79EFBC}") = "Tyuiu.NedospasovaAE.Sprint6.TaskReview.V10.Lib", "Tyuiu.NedospasovaAE.Sprint6.TaskReview.V10.Lib\Tyuiu.NedospasovaAE.Sprint6.TaskReview.V10.Lib.csproj", "{8DFAC4D6-3074-4865-A348-C8402EB2B74E}"
EndProject
Project("{FAE04EC0-301F-11D3-BF4B-00C04F79EFBC}") = "Tyuiu.NedospasovaAE.Sprint6.TaskReview.V10.Test", "Tyuiu.NedospasovaAE.Sprint6.TaskReview.V10.Test\Tyuiu.NedospasovaAE.Sprint6.TaskReview.V10.Test.csproj", "{FD25E6CD-C150-43F0-81C7-1035D9C3738E}"
EndProject
Project("{FAE04EC0-301F-11D3-BF4B-00C04F79EFBC}") = "Tyuiu.NedospasovaAE.Sprint6.TaskReview.V10", "Tyuiu.NedospasovaAE.Sprint6.TaskReview.V10\Tyuiu.NedospasovaAE.Sprint6.TaskReview.V10.csproj", "{1C1BE397-D1DF-4DFC-ABE3-47D83BC84E19}"
EndProject
Global
	GlobalSection(SolutionConfigurationPlatforms) = preSolution
		Debug|Any CPU = Debug|Any CPU
		Release|Any CPU = Release|Any CPU
	EndGlobalSection
	GlobalSection(ProjectConfigurationPlatforms) = postSolution
		{F8B1A7E1-AC07-4A47-B0AF-2BEA6C288C69}.Debug|Any CPU.ActiveCfg = Debug|Any CPU
		{F8B1A7E1-AC07-4A47-B0AF-2BEA6C288C69}.Debug|Any CPU.Build.0 = Debug|Any CPU
		{F8B1A7E1-AC07-4A47-B0AF-2BEA6C288C69}.Release|Any CPU.ActiveCfg = Release|Any CPU
		{F8B1A7E1-AC07-4A47-B0AF-2BEA6C288C69}.Release|Any CPU.Build.0 = Release|Any CPU
		{23FC0B41-5980-4684-B19C-A6CF7A910276}.Debug|Any CPU.ActiveCfg = Debug|Any CPU
		{23FC0B41-5980-4684-B19C-A6CF7A910276}.Debug|Any CPU.Build.0 = Debug|Any CPU
		{23FC0B41-5980-4684-B19C-A6CF7A910276}.Release|Any CPU.ActiveCfg = Release|Any CPU
		{23FC0B41-5980-4684-B19C-A6CF7A910276}.Release|Any CPU.Build.0 = Release|Any CPU
		{D3554B55-F876-475A-80C2-C564915449AB}.Debug|Any CPU.ActiveCfg = Debug|Any CPU
		{D3554B55-F876-475A-80C2-C564915449AB}.Debug|Any CPU.Build.0 = Debug|Any CPU
		{D3554B55-F876-475A-80C2-C564915449AB}.Release|Any CPU.ActiveCfg = Release|Any CPU
		{D3554B55-F876-475A-80C2-C564915449AB}.Release|Any CPU.Build.0 = Release|Any CPU
		{ADC6236D-9B33-41F7-B23B-6D3B35F77043}.Debug|Any CPU.ActiveCfg = Debug|Any CPU
		{ADC6236D-9B33-41F7-B23B-6D3B35F77043}.Debug|Any CPU.Build.0 = Debug|Any CPU
		{ADC6236D-9B33-41F7-B23B-6D3B35F77043}.Release|Any CPU.ActiveCfg = Release|Any CPU
		{ADC6236D-9B33-41F7-B23B-6D3B35F77043}.Release|Any CPU.Build.0 = Release|Any CPU
		{090F3561-D0B0-435F-9DE1-3B975FF72967}.Debug|Any CPU.ActiveCfg = Debug|Any CPU
		{090F3561-D0B0-435F-9DE1-3B975FF72967}.Debug|Any CPU.Build.0 = Debug|Any CPU
		{090F3561-D0B0-435F-9DE1-3B975FF72967}.Release|Any CPU.ActiveCfg = Release|Any CPU
		{090F3561-D0B0-435F-9DE1-3B975FF72967}.Release|Any CPU.Build.0 = Release|Any CPU
		{62A32808-D8B8-466B-8514-C2D4A2F0A255}.Debug|Any CPU.ActiveCfg = Debug|Any CPU
		{62A32808-D8B8-466B-8514-C2D4A2F0A255}.Debug|Any CPU.Build.0 = Debug|Any CPU
		{62A32808-D8B8-466B-8514-C2D4A2F0A255}.Release|Any CPU.ActiveCfg = Release|Any CPU
		{62A32808-D8B8-466B-8514-C2D4A2F0A255}.Release|Any CPU.Build.0 = Release|Any CPU
		{688A0999-A72A-4D28-A1D7-E6342FC13164}.Debug|Any CPU.ActiveCfg = Debug|Any CPU
		{688A0999-A72A-4D28-A1D7-E6342FC13164}.Debug|Any CPU.Build.0 = Debug|Any CPU
		{688A0999-A72A-4D28-A1D7-E6342FC13164}.Release|Any CPU.ActiveCfg = Release|Any CPU
		{688A0999-A72A-4D28-A1D7-E6342FC13164}.Release|Any CPU.Build.0 = Release|Any CPU
		{CE972C5A-9DBB-4B1A-831D-5653BDDEE0B6}.Debug|Any CPU.ActiveCfg = Debug|Any CPU
		{CE972C5A-9DBB-4B1A-831D-5653BDDEE0B6}.Debug|Any CPU.Build.0 = Debug|Any CPU
		{CE972C5A-9DBB-4B1A-831D-5653BDDEE0B6}.Release|Any CPU.ActiveCfg = Release|Any CPU
		{CE972C5A-9DBB-4B1A-831D-5653BDDEE0B6}.Release|Any CPU.Build.0 = Release|Any CPU
		{0E4C700B-8E07-41B8-BB39-FFAD65239E9B}.Debug|Any CPU.ActiveCfg = Debug|Any CPU
		{0E4C700B-8E07-41B8-BB39-FFAD65239E9B}.Debug|Any CPU.Build.0 = Debug|Any CPU
		{0E4C700B-8E07-41B8-BB39-FFAD65239E9B}.Release|Any CPU.ActiveCfg = Release|Any CPU
		{0E4C700B-8E07-41B8-BB39-FFAD65239E9B}.Release|Any CPU.Build.0 = Release|Any CPU
		{FAEAE7F6-F398-44E9-9E1D-D8F3744DEDF2}.Debug|Any CPU.ActiveCfg = Debug|Any CPU
		{FAEAE7F6-F398-44E9-9E1D-D8F3744DEDF2}.Debug|Any CPU.Build.0 = Debug|Any CPU
		{FAEAE7F6-F398-44E9-9E1D-D8F3744DEDF2}.Release|Any CPU.ActiveCfg = Release|Any CPU
		{FAEAE7F6-F398-44E9-9E1D-D8F3744DEDF2}.Release|Any CPU.Build.0 = Release|Any CPU
		{82000C1A-9A80-475B-85F7-97EBA9ED086C}.Debug|Any CPU.ActiveCfg = Debug|Any CPU
		{82000C1A-9A80-475B-85F7-97EBA9ED086C}.Debug|Any CPU.Build.0 = Debug|Any CPU
		{82000C1A-9A80-475B-85F7-97EBA9ED086C}.Release|Any CPU.ActiveCfg = Release|Any CPU
		{82000C1A-9A80-475B-85F7-97EBA9ED086C}.Release|Any CPU.Build.0 = Release|Any CPU
		{EC04D54B-6EF9-4934-85FE-CE51AEDE8639}.Debug|Any CPU.ActiveCfg = Debug|Any CPU
		{EC04D54B-6EF9-4934-85FE-CE51AEDE8639}.Debug|Any CPU.Build.0 = Debug|Any CPU
		{EC04D54B-6EF9-4934-85FE-CE51AEDE8639}.Release|Any CPU.ActiveCfg = Release|Any CPU
		{EC04D54B-6EF9-4934-85FE-CE51AEDE8639}.Release|Any CPU.Build.0 = Release|Any CPU
		{35AAE58F-40DF-4FFB-8809-30C810D450EB}.Debug|Any CPU.ActiveCfg = Debug|Any CPU
		{35AAE58F-40DF-4FFB-8809-30C810D450EB}.Debug|Any CPU.Build.0 = Debug|Any CPU
		{35AAE58F-40DF-4FFB-8809-30C810D450EB}.Release|Any CPU.ActiveCfg = Release|Any CPU
		{35AAE58F-40DF-4FFB-8809-30C810D450EB}.Release|Any CPU.Build.0 = Release|Any CPU
		{C30B2DD5-AF95-4C0D-AE65-A3C84414FDEE}.Debug|Any CPU.ActiveCfg = Debug|Any CPU
		{C30B2DD5-AF95-4C0D-AE65-A3C84414FDEE}.Debug|Any CPU.Build.0 = Debug|Any CPU
		{C30B2DD5-AF95-4C0D-AE65-A3C84414FDEE}.Release|Any CPU.ActiveCfg = Release|Any CPU
		{C30B2DD5-AF95-4C0D-AE65-A3C84414FDEE}.Release|Any CPU.Build.0 = Release|Any CPU
		{9408E0E4-711D-4384-92FB-8C45F9E91833}.Debug|Any CPU.ActiveCfg = Debug|Any CPU
		{9408E0E4-711D-4384-92FB-8C45F9E91833}.Debug|Any CPU.Build.0 = Debug|Any CPU
		{9408E0E4-711D-4384-92FB-8C45F9E91833}.Release|Any CPU.ActiveCfg = Release|Any CPU
		{9408E0E4-711D-4384-92FB-8C45F9E91833}.Release|Any CPU.Build.0 = Release|Any CPU
		{C714D585-C8B7-4A16-944D-B7101E7F0EF7}.Debug|Any CPU.ActiveCfg = Debug|Any CPU
		{C714D585-C8B7-4A16-944D-B7101E7F0EF7}.Debug|Any CPU.Build.0 = Debug|Any CPU
		{C714D585-C8B7-4A16-944D-B7101E7F0EF7}.Release|Any CPU.ActiveCfg = Release|Any CPU
		{C714D585-C8B7-4A16-944D-B7101E7F0EF7}.Release|Any CPU.Build.0 = Release|Any CPU
		{1DF6A8E1-390D-474F-B34F-24A463219494}.Debug|Any CPU.ActiveCfg = Debug|Any CPU
		{1DF6A8E1-390D-474F-B34F-24A463219494}.Debug|Any CPU.Build.0 = Debug|Any CPU
		{1DF6A8E1-390D-474F-B34F-24A463219494}.Release|Any CPU.ActiveCfg = Release|Any CPU
		{1DF6A8E1-390D-474F-B34F-24A463219494}.Release|Any CPU.Build.0 = Release|Any CPU
		{F6AA453B-6CF0-40D4-A1A0-8E8ECBE1975C}.Debug|Any CPU.ActiveCfg = Debug|Any CPU
		{F6AA453B-6CF0-40D4-A1A0-8E8ECBE1975C}.Debug|Any CPU.Build.0 = Debug|Any CPU
		{F6AA453B-6CF0-40D4-A1A0-8E8ECBE1975C}.Release|Any CPU.ActiveCfg = Release|Any CPU
		{F6AA453B-6CF0-40D4-A1A0-8E8ECBE1975C}.Release|Any CPU.Build.0 = Release|Any CPU
		{3D4F5239-8E1A-47DB-A853-36F6EE9A451B}.Debug|Any CPU.ActiveCfg = Debug|Any CPU
		{3D4F5239-8E1A-47DB-A853-36F6EE9A451B}.Debug|Any CPU.Build.0 = Debug|Any CPU
		{3D4F5239-8E1A-47DB-A853-36F6EE9A451B}.Release|Any CPU.ActiveCfg = Release|Any CPU
		{3D4F5239-8E1A-47DB-A853-36F6EE9A451B}.Release|Any CPU.Build.0 = Release|Any CPU
		{5E3373DB-8D53-412C-8DB9-B6A2FCE06390}.Debug|Any CPU.ActiveCfg = Debug|Any CPU
		{5E3373DB-8D53-412C-8DB9-B6A2FCE06390}.Debug|Any CPU.Build.0 = Debug|Any CPU
		{5E3373DB-8D53-412C-8DB9-B6A2FCE06390}.Release|Any CPU.ActiveCfg = Release|Any CPU
		{5E3373DB-8D53-412C-8DB9-B6A2FCE06390}.Release|Any CPU.Build.0 = Release|Any CPU
		{DB66E280-F65B-48FE-84F5-9186E996D8B6}.Debug|Any CPU.ActiveCfg = Debug|Any CPU
		{DB66E280-F65B-48FE-84F5-9186E996D8B6}.Debug|Any CPU.Build.0 = Debug|Any CPU
		{DB66E280-F65B-48FE-84F5-9186E996D8B6}.Release|Any CPU.ActiveCfg = Release|Any CPU
		{DB66E280-F65B-48FE-84F5-9186E996D8B6}.Release|Any CPU.Build.0 = Release|Any CPU
		{B5D0E346-7E4E-4A73-95E7-833A5902027F}.Debug|Any CPU.ActiveCfg = Debug|Any CPU
		{B5D0E346-7E4E-4A73-95E7-833A5902027F}.Debug|Any CPU.Build.0 = Debug|Any CPU
		{B5D0E346-7E4E-4A73-95E7-833A5902027F}.Release|Any CPU.ActiveCfg = Release|Any CPU
		{B5D0E346-7E4E-4A73-95E7-833A5902027F}.Release|Any CPU.Build.0 = Release|Any CPU
		{CEAE259F-4507-46FB-9440-906649ABCD97}.Debug|Any CPU.ActiveCfg = Debug|Any CPU
		{CEAE259F-4507-46FB-9440-906649ABCD97}.Debug|Any CPU.Build.0 = Debug|Any CPU
		{CEAE259F-4507-46FB-9440-906649ABCD97}.Release|Any CPU.ActiveCfg = Release|Any CPU
		{CEAE259F-4507-46FB-9440-906649ABCD97}.Release|Any CPU.Build.0 = Release|Any CPU
		{E2589561-85CE-4C79-A63F-64DADCBFC16B}.Debug|Any CPU.ActiveCfg = Debug|Any CPU
		{E2589561-85CE-4C79-A63F-64DADCBFC16B}.Debug|Any CPU.Build.0 = Debug|Any CPU
		{E2589561-85CE-4C79-A63F-64DADCBFC16B}.Release|Any CPU.ActiveCfg = Release|Any CPU
		{E2589561-85CE-4C79-A63F-64DADCBFC16B}.Release|Any CPU.Build.0 = Release|Any CPU
		{8DFAC4D6-3074-4865-A348-C8402EB2B74E}.Debug|Any CPU.ActiveCfg = Debug|Any CPU
		{8DFAC4D6-3074-4865-A348-C8402EB2B74E}.Debug|Any CPU.Build.0 = Debug|Any CPU
		{8DFAC4D6-3074-4865-A348-C8402EB2B74E}.Release|Any CPU.ActiveCfg = Release|Any CPU
		{8DFAC4D6-3074-4865-A348-C8402EB2B74E}.Release|Any CPU.Build.0 = Release|Any CPU
		{FD25E6CD-C150-43F0-81C7-1035D9C3738E}.Debug|Any CPU.ActiveCfg = Debug|Any CPU
		{FD25E6CD-C150-43F0-81C7-1035D9C3738E}.Debug|Any CPU.Build.0 = Debug|Any CPU
		{FD25E6CD-C150-43F0-81C7-1035D9C3738E}.Release|Any CPU.ActiveCfg = Release|Any CPU
		{FD25E6CD-C150-43F0-81C7-1035D9C3738E}.Release|Any CPU.Build.0 = Release|Any CPU
		{1C1BE397-D1DF-4DFC-ABE3-47D83BC84E19}.Debug|Any CPU.ActiveCfg = Debug|Any CPU
		{1C1BE397-D1DF-4DFC-ABE3-47D83BC84E19}.Debug|Any CPU.Build.0 = Debug|Any CPU
		{1C1BE397-D1DF-4DFC-ABE3-47D83BC84E19}.Release|Any CPU.ActiveCfg = Release|Any CPU
		{1C1BE397-D1DF-4DFC-ABE3-47D83BC84E19}.Release|Any CPU.Build.0 = Release|Any CPU
	EndGlobalSection
	GlobalSection(SolutionProperties) = preSolution
		HideSolutionNode = FALSE
	EndGlobalSection
	GlobalSection(NestedProjects) = preSolution
		{F8B1A7E1-AC07-4A47-B0AF-2BEA6C288C69} = {E93F83C1-A00D-4AB6-B46D-F3532135755B}
		{23FC0B41-5980-4684-B19C-A6CF7A910276} = {E93F83C1-A00D-4AB6-B46D-F3532135755B}
		{D3554B55-F876-475A-80C2-C564915449AB} = {E93F83C1-A00D-4AB6-B46D-F3532135755B}
		{ADC6236D-9B33-41F7-B23B-6D3B35F77043} = {07A65916-7B25-472F-873B-E96A2F893045}
		{090F3561-D0B0-435F-9DE1-3B975FF72967} = {07A65916-7B25-472F-873B-E96A2F893045}
		{62A32808-D8B8-466B-8514-C2D4A2F0A255} = {07A65916-7B25-472F-873B-E96A2F893045}
		{688A0999-A72A-4D28-A1D7-E6342FC13164} = {53626579-28BC-495D-980E-22579650441E}
		{CE972C5A-9DBB-4B1A-831D-5653BDDEE0B6} = {53626579-28BC-495D-980E-22579650441E}
		{0E4C700B-8E07-41B8-BB39-FFAD65239E9B} = {53626579-28BC-495D-980E-22579650441E}
		{FAEAE7F6-F398-44E9-9E1D-D8F3744DEDF2} = {8C5C3B61-CBCF-4F7A-81E0-6E5A124EA9DD}
		{82000C1A-9A80-475B-85F7-97EBA9ED086C} = {8C5C3B61-CBCF-4F7A-81E0-6E5A124EA9DD}
		{EC04D54B-6EF9-4934-85FE-CE51AEDE8639} = {8C5C3B61-CBCF-4F7A-81E0-6E5A124EA9DD}
		{35AAE58F-40DF-4FFB-8809-30C810D450EB} = {BAB989B7-9CCE-4115-943D-9DFE527217CA}
		{C30B2DD5-AF95-4C0D-AE65-A3C84414FDEE} = {BAB989B7-9CCE-4115-943D-9DFE527217CA}
		{9408E0E4-711D-4384-92FB-8C45F9E91833} = {BAB989B7-9CCE-4115-943D-9DFE527217CA}
		{C714D585-C8B7-4A16-944D-B7101E7F0EF7} = {800B5437-7385-4148-81D7-0C37102EEDF4}
		{1DF6A8E1-390D-474F-B34F-24A463219494} = {800B5437-7385-4148-81D7-0C37102EEDF4}
		{F6AA453B-6CF0-40D4-A1A0-8E8ECBE1975C} = {800B5437-7385-4148-81D7-0C37102EEDF4}
		{3D4F5239-8E1A-47DB-A853-36F6EE9A451B} = {12D6579A-D026-44F0-AEC3-899A4CF6AE6B}
		{5E3373DB-8D53-412C-8DB9-B6A2FCE06390} = {12D6579A-D026-44F0-AEC3-899A4CF6AE6B}
		{DB66E280-F65B-48FE-84F5-9186E996D8B6} = {12D6579A-D026-44F0-AEC3-899A4CF6AE6B}
		{B5D0E346-7E4E-4A73-95E7-833A5902027F} = {F9B19BE2-5694-4831-B78D-F479573C8AE9}
		{CEAE259F-4507-46FB-9440-906649ABCD97} = {F9B19BE2-5694-4831-B78D-F479573C8AE9}
		{E2589561-85CE-4C79-A63F-64DADCBFC16B} = {F9B19BE2-5694-4831-B78D-F479573C8AE9}
		{8DFAC4D6-3074-4865-A348-C8402EB2B74E} = {A2D96A17-5DAA-43A7-B7AA-087B0CA91C52}
		{FD25E6CD-C150-43F0-81C7-1035D9C3738E} = {A2D96A17-5DAA-43A7-B7AA-087B0CA91C52}
		{1C1BE397-D1DF-4DFC-ABE3-47D83BC84E19} = {A2D96A17-5DAA-43A7-B7AA-087B0CA91C52}
	EndGlobalSection
	GlobalSection(ExtensibilityGlobals) = postSolution
		SolutionGuid = {D76B924E-279F-4FD7-B7AC-9FA24F48ACD2}
	EndGlobalSection
EndGlobal
